
Microsoft Visual Studio Solution File, Format Version 12.00
# Visual Studio 2017
Project("{FAE04EC0-301F-11D3-BF4B-00C04F79EFBC}") = "VFIT 2", "VFIT 2.csproj", "{2DB76D86-CD48-1D58-26F7-C58A119FE273}"
EndProject
Project("{FAE04EC0-301F-11D3-BF4B-00C04F79EFBC}") = "VFIT 2.Editor", "VFIT 2.Editor.csproj", "{9EB79B76-E132-C748-DDD2-A21EB2E37733}"
EndProject
Global
	GlobalSection(SolutionConfigurationPlatforms) = preSolution
		Debug|Any CPU = Debug|Any CPU
		Release|Any CPU = Release|Any CPU
	EndGlobalSection
	GlobalSection(ProjectConfigurationPlatforms) = postSolution
		{2DB76D86-CD48-1D58-26F7-C58A119FE273}.Debug|Any CPU.ActiveCfg = Debug|Any CPU
		{2DB76D86-CD48-1D58-26F7-C58A119FE273}.Debug|Any CPU.Build.0 = Debug|Any CPU
		{2DB76D86-CD48-1D58-26F7-C58A119FE273}.Release|Any CPU.ActiveCfg = Release|Any CPU
		{2DB76D86-CD48-1D58-26F7-C58A119FE273}.Release|Any CPU.Build.0 = Release|Any CPU
		{9EB79B76-E132-C748-DDD2-A21EB2E37733}.Debug|Any CPU.ActiveCfg = Debug|Any CPU
		{9EB79B76-E132-C748-DDD2-A21EB2E37733}.Debug|Any CPU.Build.0 = Debug|Any CPU
		{9EB79B76-E132-C748-DDD2-A21EB2E37733}.Release|Any CPU.ActiveCfg = Release|Any CPU
		{9EB79B76-E132-C748-DDD2-A21EB2E37733}.Release|Any CPU.Build.0 = Release|Any CPU
	EndGlobalSection
	GlobalSection(SolutionProperties) = preSolution
		HideSolutionNode = FALSE
	EndGlobalSection
EndGlobal
